
Microsoft Visual Studio Solution File, Format Version 12.00
# Visual Studio Version 16
VisualStudioVersion = 16.0.31112.23
MinimumVisualStudioVersion = 10.0.40219.1
Project("{9A19103F-16F7-4668-BE54-9A1E7A4F7556}") = "Roulette", "Roulette\Roulette.csproj", "{95091B99-D265-445D-BF68-FF9FC723D844}"
EndProject
Project("{9A19103F-16F7-4668-BE54-9A1E7A4F7556}") = "Roulette_Server", "Roulette_Server\Roulette_Server.csproj", "{1FC390B5-7FA5-4A65-A85E-F5E72969DB5D}"
EndProject
Project("{FAE04EC0-301F-11D3-BF4B-00C04F79EFBC}") = "ArchiSteamFarm", "Bot\ArchiSteamFarm\ArchiSteamFarm.csproj", "{782DFFE4-CAD9-4F5C-ABF4-3F1BBC8EB853}"
EndProject
Global
	GlobalSection(SolutionConfigurationPlatforms) = preSolution
		Debug|Any CPU = Debug|Any CPU
		Release|Any CPU = Release|Any CPU
	EndGlobalSection
	GlobalSection(ProjectConfigurationPlatforms) = postSolution
		{95091B99-D265-445D-BF68-FF9FC723D844}.Debug|Any CPU.ActiveCfg = Debug|Any CPU
		{95091B99-D265-445D-BF68-FF9FC723D844}.Debug|Any CPU.Build.0 = Debug|Any CPU
		{95091B99-D265-445D-BF68-FF9FC723D844}.Release|Any CPU.ActiveCfg = Release|Any CPU
		{95091B99-D265-445D-BF68-FF9FC723D844}.Release|Any CPU.Build.0 = Release|Any CPU
		{1FC390B5-7FA5-4A65-A85E-F5E72969DB5D}.Debug|Any CPU.ActiveCfg = Debug|Any CPU
		{1FC390B5-7FA5-4A65-A85E-F5E72969DB5D}.Debug|Any CPU.Build.0 = Debug|Any CPU
		{1FC390B5-7FA5-4A65-A85E-F5E72969DB5D}.Release|Any CPU.ActiveCfg = Release|Any CPU
		{1FC390B5-7FA5-4A65-A85E-F5E72969DB5D}.Release|Any CPU.Build.0 = Release|Any CPU
		{782DFFE4-CAD9-4F5C-ABF4-3F1BBC8EB853}.Debug|Any CPU.ActiveCfg = Debug|Any CPU
		{782DFFE4-CAD9-4F5C-ABF4-3F1BBC8EB853}.Debug|Any CPU.Build.0 = Debug|Any CPU
		{782DFFE4-CAD9-4F5C-ABF4-3F1BBC8EB853}.Release|Any CPU.ActiveCfg = Release|Any CPU
		{782DFFE4-CAD9-4F5C-ABF4-3F1BBC8EB853}.Release|Any CPU.Build.0 = Release|Any CPU
	EndGlobalSection
	GlobalSection(SolutionProperties) = preSolution
		HideSolutionNode = FALSE
	EndGlobalSection
	GlobalSection(ExtensibilityGlobals) = postSolution
		SolutionGuid = {1C9722FB-5AEB-4D3A-B5DF-DBD8777CFDFB}
	EndGlobalSection
EndGlobal
